
Microsoft Visual Studio Solution File, Format Version 11.00
# Visual Studio 2010
Project("{FAE04EC0-301F-11D3-BF4B-00C04F79EFBC}") = "TeamCityDemoWebApplication", "TeamCityDemoWebApplication\TeamCityDemoWebApplication.csproj", "{98150009-6D02-4469-8B47-4E3851B5609C}"
EndProject
Project("{FAE04EC0-301F-11D3-BF4B-00C04F79EFBC}") = "TeamCityDemoWebApplication.Tests", "TeamCityDemoWebApplication.Tests\TeamCityDemoWebApplication.Tests.csproj", "{61F0CAFE-1241-4A42-897E-802C64CE7CC9}"
EndProject
Global
	GlobalSection(SolutionConfigurationPlatforms) = preSolution
		Debug|Any CPU = Debug|Any CPU
		Release|Any CPU = Release|Any CPU
	EndGlobalSection
	GlobalSection(ProjectConfigurationPlatforms) = postSolution
		{98150009-6D02-4469-8B47-4E3851B5609C}.Debug|Any CPU.ActiveCfg = Debug|Any CPU
		{98150009-6D02-4469-8B47-4E3851B5609C}.Debug|Any CPU.Build.0 = Debug|Any CPU
		{98150009-6D02-4469-8B47-4E3851B5609C}.Release|Any CPU.ActiveCfg = Release|Any CPU
		{98150009-6D02-4469-8B47-4E3851B5609C}.Release|Any CPU.Build.0 = Release|Any CPU
		{61F0CAFE-1241-4A42-897E-802C64CE7CC9}.Debug|Any CPU.ActiveCfg = Debug|Any CPU
		{61F0CAFE-1241-4A42-897E-802C64CE7CC9}.Debug|Any CPU.Build.0 = Debug|Any CPU
		{61F0CAFE-1241-4A42-897E-802C64CE7CC9}.Release|Any CPU.ActiveCfg = Release|Any CPU
		{61F0CAFE-1241-4A42-897E-802C64CE7CC9}.Release|Any CPU.Build.0 = Release|Any CPU
	EndGlobalSection
	GlobalSection(SolutionProperties) = preSolution
		HideSolutionNode = FALSE
	EndGlobalSection
EndGlobal
